
Microsoft Visual Studio Solution File, Format Version 12.00
# Visual Studio Version 17
VisualStudioVersion = 17.12.35521.163
MinimumVisualStudioVersion = 10.0.40219.1
Project("{8BC9CEB8-8B4A-11D0-8D11-00A0C91BC942}") = "01", "jednoduche_datove_typy\jednoduche_datove_typy.vcxproj", "{519249D5-FE6E-47FA-AB32-238240A31353}"
EndProject
Project("{8BC9CEB8-8B4A-11D0-8D11-00A0C91BC942}") = "02", "02\02.vcxproj", "{D758EBC0-4711-41C4-B679-2A842C1E71B0}"
EndProject
Project("{8BC9CEB8-8B4A-11D0-8D11-00A0C91BC942}") = "03", "03\03.vcxproj", "{10FBB70E-5B1F-49A7-B2CC-47BE939C57BB}"
EndProject
Project("{8BC9CEB8-8B4A-11D0-8D11-00A0C91BC942}") = "04", "04\04.vcxproj", "{9CFA9639-8446-48D0-A066-8C0BBFC326D3}"
EndProject
Project("{8BC9CEB8-8B4A-11D0-8D11-00A0C91BC942}") = "05", "05\05.vcxproj", "{9F459660-77DA-4736-851B-259C5AF63548}"
EndProject
Project("{FAE04EC0-301F-11D3-BF4B-00C04F79EFBC}") = "06", "06\06.csproj", "{4EE81C13-FFA6-4659-BFAC-70A64B2B7A20}"
EndProject
Project("{FAE04EC0-301F-11D3-BF4B-00C04F79EFBC}") = "07", "07\07.csproj", "{E44B2D62-007D-4B48-B25E-B92A65A6A18C}"
EndProject
Project("{FAE04EC0-301F-11D3-BF4B-00C04F79EFBC}") = "08", "08\08.csproj", "{DEE2234C-990E-4347-AB85-0438D605D4E4}"
EndProject
Project("{FAE04EC0-301F-11D3-BF4B-00C04F79EFBC}") = "09", "09\09.csproj", "{4D374710-5509-437F-A882-34578C6A8A50}"
EndProject
Global
	GlobalSection(SolutionConfigurationPlatforms) = preSolution
		Debug|Any CPU = Debug|Any CPU
		Debug|x64 = Debug|x64
		Debug|x86 = Debug|x86
		Release|Any CPU = Release|Any CPU
		Release|x64 = Release|x64
		Release|x86 = Release|x86
	EndGlobalSection
	GlobalSection(ProjectConfigurationPlatforms) = postSolution
		{519249D5-FE6E-47FA-AB32-238240A31353}.Debug|Any CPU.ActiveCfg = Debug|x64
		{519249D5-FE6E-47FA-AB32-238240A31353}.Debug|Any CPU.Build.0 = Debug|x64
		{519249D5-FE6E-47FA-AB32-238240A31353}.Debug|x64.ActiveCfg = Debug|x64
		{519249D5-FE6E-47FA-AB32-238240A31353}.Debug|x64.Build.0 = Debug|x64
		{519249D5-FE6E-47FA-AB32-238240A31353}.Debug|x86.ActiveCfg = Debug|Win32
		{519249D5-FE6E-47FA-AB32-238240A31353}.Debug|x86.Build.0 = Debug|Win32
		{519249D5-FE6E-47FA-AB32-238240A31353}.Release|Any CPU.ActiveCfg = Release|x64
		{519249D5-FE6E-47FA-AB32-238240A31353}.Release|Any CPU.Build.0 = Release|x64
		{519249D5-FE6E-47FA-AB32-238240A31353}.Release|x64.ActiveCfg = Release|x64
		{519249D5-FE6E-47FA-AB32-238240A31353}.Release|x64.Build.0 = Release|x64
		{519249D5-FE6E-47FA-AB32-238240A31353}.Release|x86.ActiveCfg = Release|Win32
		{519249D5-FE6E-47FA-AB32-238240A31353}.Release|x86.Build.0 = Release|Win32
		{D758EBC0-4711-41C4-B679-2A842C1E71B0}.Debug|Any CPU.ActiveCfg = Debug|x64
		{D758EBC0-4711-41C4-B679-2A842C1E71B0}.Debug|Any CPU.Build.0 = Debug|x64
		{D758EBC0-4711-41C4-B679-2A842C1E71B0}.Debug|x64.ActiveCfg = Debug|x64
		{D758EBC0-4711-41C4-B679-2A842C1E71B0}.Debug|x64.Build.0 = Debug|x64
		{D758EBC0-4711-41C4-B679-2A842C1E71B0}.Debug|x86.ActiveCfg = Debug|Win32
		{D758EBC0-4711-41C4-B679-2A842C1E71B0}.Debug|x86.Build.0 = Debug|Win32
		{D758EBC0-4711-41C4-B679-2A842C1E71B0}.Release|Any CPU.ActiveCfg = Release|x64
		{D758EBC0-4711-41C4-B679-2A842C1E71B0}.Release|Any CPU.Build.0 = Release|x64
		{D758EBC0-4711-41C4-B679-2A842C1E71B0}.Release|x64.ActiveCfg = Release|x64
		{D758EBC0-4711-41C4-B679-2A842C1E71B0}.Release|x64.Build.0 = Release|x64
		{D758EBC0-4711-41C4-B679-2A842C1E71B0}.Release|x86.ActiveCfg = Release|Win32
		{D758EBC0-4711-41C4-B679-2A842C1E71B0}.Release|x86.Build.0 = Release|Win32
		{10FBB70E-5B1F-49A7-B2CC-47BE939C57BB}.Debug|Any CPU.ActiveCfg = Debug|x64
		{10FBB70E-5B1F-49A7-B2CC-47BE939C57BB}.Debug|Any CPU.Build.0 = Debug|x64
		{10FBB70E-5B1F-49A7-B2CC-47BE939C57BB}.Debug|x64.ActiveCfg = Debug|x64
		{10FBB70E-5B1F-49A7-B2CC-47BE939C57BB}.Debug|x64.Build.0 = Debug|x64
		{10FBB70E-5B1F-49A7-B2CC-47BE939C57BB}.Debug|x86.ActiveCfg = Debug|Win32
		{10FBB70E-5B1F-49A7-B2CC-47BE939C57BB}.Debug|x86.Build.0 = Debug|Win32
		{10FBB70E-5B1F-49A7-B2CC-47BE939C57BB}.Release|Any CPU.ActiveCfg = Release|x64
		{10FBB70E-5B1F-49A7-B2CC-47BE939C57BB}.Release|Any CPU.Build.0 = Release|x64
		{10FBB70E-5B1F-49A7-B2CC-47BE939C57BB}.Release|x64.ActiveCfg = Release|x64
		{10FBB70E-5B1F-49A7-B2CC-47BE939C57BB}.Release|x64.Build.0 = Release|x64
		{10FBB70E-5B1F-49A7-B2CC-47BE939C57BB}.Release|x86.ActiveCfg = Release|Win32
		{10FBB70E-5B1F-49A7-B2CC-47BE939C57BB}.Release|x86.Build.0 = Release|Win32
		{9CFA9639-8446-48D0-A066-8C0BBFC326D3}.Debug|Any CPU.ActiveCfg = Debug|x64
		{9CFA9639-8446-48D0-A066-8C0BBFC326D3}.Debug|Any CPU.Build.0 = Debug|x64
		{9CFA9639-8446-48D0-A066-8C0BBFC326D3}.Debug|x64.ActiveCfg = Debug|x64
		{9CFA9639-8446-48D0-A066-8C0BBFC326D3}.Debug|x64.Build.0 = Debug|x64
		{9CFA9639-8446-48D0-A066-8C0BBFC326D3}.Debug|x86.ActiveCfg = Debug|Win32
		{9CFA9639-8446-48D0-A066-8C0BBFC326D3}.Debug|x86.Build.0 = Debug|Win32
		{9CFA9639-8446-48D0-A066-8C0BBFC326D3}.Release|Any CPU.ActiveCfg = Release|x64
		{9CFA9639-8446-48D0-A066-8C0BBFC326D3}.Release|Any CPU.Build.0 = Release|x64
		{9CFA9639-8446-48D0-A066-8C0BBFC326D3}.Release|x64.ActiveCfg = Release|x64
		{9CFA9639-8446-48D0-A066-8C0BBFC326D3}.Release|x64.Build.0 = Release|x64
		{9CFA9639-8446-48D0-A066-8C0BBFC326D3}.Release|x86.ActiveCfg = Release|Win32
		{9CFA9639-8446-48D0-A066-8C0BBFC326D3}.Release|x86.Build.0 = Release|Win32
		{9F459660-77DA-4736-851B-259C5AF63548}.Debug|Any CPU.ActiveCfg = Debug|x64
		{9F459660-77DA-4736-851B-259C5AF63548}.Debug|Any CPU.Build.0 = Debug|x64
		{9F459660-77DA-4736-851B-259C5AF63548}.Debug|x64.ActiveCfg = Debug|x64
		{9F459660-77DA-4736-851B-259C5AF63548}.Debug|x64.Build.0 = Debug|x64
		{9F459660-77DA-4736-851B-259C5AF63548}.Debug|x86.ActiveCfg = Debug|Win32
		{9F459660-77DA-4736-851B-259C5AF63548}.Debug|x86.Build.0 = Debug|Win32
		{9F459660-77DA-4736-851B-259C5AF63548}.Release|Any CPU.ActiveCfg = Release|x64
		{9F459660-77DA-4736-851B-259C5AF63548}.Release|Any CPU.Build.0 = Release|x64
		{9F459660-77DA-4736-851B-259C5AF63548}.Release|x64.ActiveCfg = Release|x64
		{9F459660-77DA-4736-851B-259C5AF63548}.Release|x64.Build.0 = Release|x64
		{9F459660-77DA-4736-851B-259C5AF63548}.Release|x86.ActiveCfg = Release|Win32
		{9F459660-77DA-4736-851B-259C5AF63548}.Release|x86.Build.0 = Release|Win32
		{4EE81C13-FFA6-4659-BFAC-70A64B2B7A20}.Debug|Any CPU.ActiveCfg = Debug|Any CPU
		{4EE81C13-FFA6-4659-BFAC-70A64B2B7A20}.Debug|Any CPU.Build.0 = Debug|Any CPU
		{4EE81C13-FFA6-4659-BFAC-70A64B2B7A20}.Debug|x64.ActiveCfg = Debug|Any CPU
		{4EE81C13-FFA6-4659-BFAC-70A64B2B7A20}.Debug|x64.Build.0 = Debug|Any CPU
		{4EE81C13-FFA6-4659-BFAC-70A64B2B7A20}.Debug|x86.ActiveCfg = Debug|Any CPU
		{4EE81C13-FFA6-4659-BFAC-70A64B2B7A20}.Debug|x86.Build.0 = Debug|Any CPU
		{4EE81C13-FFA6-4659-BFAC-70A64B2B7A20}.Release|Any CPU.ActiveCfg = Release|Any CPU
		{4EE81C13-FFA6-4659-BFAC-70A64B2B7A20}.Release|Any CPU.Build.0 = Release|Any CPU
		{4EE81C13-FFA6-4659-BFAC-70A64B2B7A20}.Release|x64.ActiveCfg = Release|Any CPU
		{4EE81C13-FFA6-4659-BFAC-70A64B2B7A20}.Release|x64.Build.0 = Release|Any CPU
		{4EE81C13-FFA6-4659-BFAC-70A64B2B7A20}.Release|x86.ActiveCfg = Release|Any CPU
		{4EE81C13-FFA6-4659-BFAC-70A64B2B7A20}.Release|x86.Build.0 = Release|Any CPU
		{E44B2D62-007D-4B48-B25E-B92A65A6A18C}.Debug|Any CPU.ActiveCfg = Debug|Any CPU
		{E44B2D62-007D-4B48-B25E-B92A65A6A18C}.Debug|Any CPU.Build.0 = Debug|Any CPU
		{E44B2D62-007D-4B48-B25E-B92A65A6A18C}.Debug|x64.ActiveCfg = Debug|Any CPU
		{E44B2D62-007D-4B48-B25E-B92A65A6A18C}.Debug|x64.Build.0 = Debug|Any CPU
		{E44B2D62-007D-4B48-B25E-B92A65A6A18C}.Debug|x86.ActiveCfg = Debug|Any CPU
		{E44B2D62-007D-4B48-B25E-B92A65A6A18C}.Debug|x86.Build.0 = Debug|Any CPU
		{E44B2D62-007D-4B48-B25E-B92A65A6A18C}.Release|Any CPU.ActiveCfg = Release|Any CPU
		{E44B2D62-007D-4B48-B25E-B92A65A6A18C}.Release|Any CPU.Build.0 = Release|Any CPU
		{E44B2D62-007D-4B48-B25E-B92A65A6A18C}.Release|x64.ActiveCfg = Release|Any CPU
		{E44B2D62-007D-4B48-B25E-B92A65A6A18C}.Release|x64.Build.0 = Release|Any CPU
		{E44B2D62-007D-4B48-B25E-B92A65A6A18C}.Release|x86.ActiveCfg = Release|Any CPU
		{E44B2D62-007D-4B48-B25E-B92A65A6A18C}.Release|x86.Build.0 = Release|Any CPU
		{DEE2234C-990E-4347-AB85-0438D605D4E4}.Debug|Any CPU.ActiveCfg = Debug|Any CPU
		{DEE2234C-990E-4347-AB85-0438D605D4E4}.Debug|Any CPU.Build.0 = Debug|Any CPU
		{DEE2234C-990E-4347-AB85-0438D605D4E4}.Debug|x64.ActiveCfg = Debug|Any CPU
		{DEE2234C-990E-4347-AB85-0438D605D4E4}.Debug|x64.Build.0 = Debug|Any CPU
		{DEE2234C-990E-4347-AB85-0438D605D4E4}.Debug|x86.ActiveCfg = Debug|Any CPU
		{DEE2234C-990E-4347-AB85-0438D605D4E4}.Debug|x86.Build.0 = Debug|Any CPU
		{DEE2234C-990E-4347-AB85-0438D605D4E4}.Release|Any CPU.ActiveCfg = Release|Any CPU
		{DEE2234C-990E-4347-AB85-0438D605D4E4}.Release|Any CPU.Build.0 = Release|Any CPU
		{DEE2234C-990E-4347-AB85-0438D605D4E4}.Release|x64.ActiveCfg = Release|Any CPU
		{DEE2234C-990E-4347-AB85-0438D605D4E4}.Release|x64.Build.0 = Release|Any CPU
		{DEE2234C-990E-4347-AB85-0438D605D4E4}.Release|x86.ActiveCfg = Release|Any CPU
		{DEE2234C-990E-4347-AB85-0438D605D4E4}.Release|x86.Build.0 = Release|Any CPU
		{4D374710-5509-437F-A882-34578C6A8A50}.Debug|Any CPU.ActiveCfg = Debug|Any CPU
		{4D374710-5509-437F-A882-34578C6A8A50}.Debug|Any CPU.Build.0 = Debug|Any CPU
		{4D374710-5509-437F-A882-34578C6A8A50}.Debug|x64.ActiveCfg = Debug|Any CPU
		{4D374710-5509-437F-A882-34578C6A8A50}.Debug|x64.Build.0 = Debug|Any CPU
		{4D374710-5509-437F-A882-34578C6A8A50}.Debug|x86.ActiveCfg = Debug|Any CPU
		{4D374710-5509-437F-A882-34578C6A8A50}.Debug|x86.Build.0 = Debug|Any CPU
		{4D374710-5509-437F-A882-34578C6A8A50}.Release|Any CPU.ActiveCfg = Release|Any CPU
		{4D374710-5509-437F-A882-34578C6A8A50}.Release|Any CPU.Build.0 = Release|Any CPU
		{4D374710-5509-437F-A882-34578C6A8A50}.Release|x64.ActiveCfg = Release|Any CPU
		{4D374710-5509-437F-A882-34578C6A8A50}.Release|x64.Build.0 = Release|Any CPU
		{4D374710-5509-437F-A882-34578C6A8A50}.Release|x86.ActiveCfg = Release|Any CPU
		{4D374710-5509-437F-A882-34578C6A8A50}.Release|x86.Build.0 = Release|Any CPU
	EndGlobalSection
	GlobalSection(SolutionProperties) = preSolution
		HideSolutionNode = FALSE
	EndGlobalSection
EndGlobal
